// !$*UTF8*$!
{
	archiveVersion = 1;
	classes = {
	};
	objectVersion = 46;
	objects = {

/* Begin PBXBuildFile section */
		04C63101A4B98AE1810CF1E6 /* Pods.framework in Frameworks */ = {isa = PBXBuildFile; fileRef = 02A7417175DFC7757153E833 /* Pods.framework */; };
		AB0C2A0E1C6486840034767F /* city.sqlite3 in Resources */ = {isa = PBXBuildFile; fileRef = AB0C2A0D1C6486840034767F /* city.sqlite3 */; };
		AB0C2A101C649B8C0034767F /* CoreLocation.framework in Frameworks */ = {isa = PBXBuildFile; fileRef = AB0C2A0F1C649B8C0034767F /* CoreLocation.framework */; };
		ABE1A9F01C7C287C00E6C33F /* DatabaseManager.swift in Sources */ = {isa = PBXBuildFile; fileRef = ABE1A9C51C7C287C00E6C33F /* DatabaseManager.swift */; };
		ABE1A9F11C7C287C00E6C33F /* NetWorkManager.swift in Sources */ = {isa = PBXBuildFile; fileRef = ABE1A9C71C7C287C00E6C33F /* NetWorkManager.swift */; };
		ABE1A9F21C7C287C00E6C33F /* URL.swift in Sources */ = {isa = PBXBuildFile; fileRef = ABE1A9C81C7C287C00E6C33F /* URL.swift */; };
		ABE1A9F31C7C287C00E6C33F /* RootViewController.swift in Sources */ = {isa = PBXBuildFile; fileRef = ABE1A9CA1C7C287C00E6C33F /* RootViewController.swift */; };
		ABE1A9F41C7C287C00E6C33F /* Utils.m in Sources */ = {isa = PBXBuildFile; fileRef = ABE1A9CD1C7C287C00E6C33F /* Utils.m */; };
		ABE1A9F51C7C287C00E6C33F /* HealthViewController.swift in Sources */ = {isa = PBXBuildFile; fileRef = ABE1A9CF1C7C287C00E6C33F /* HealthViewController.swift */; };
		ABE1A9F71C7C287C00E6C33F /* PersonViewController.swift in Sources */ = {isa = PBXBuildFile; fileRef = ABE1A9D41C7C287C00E6C33F /* PersonViewController.swift */; };
		ABE1A9F81C7C287C00E6C33F /* btn_nav_brand@2x.png in Resources */ = {isa = PBXBuildFile; fileRef = ABE1A9D71C7C287C00E6C33F /* btn_nav_brand@2x.png */; };
		ABE1A9F91C7C287C00E6C33F /* btn_nav_brand@3x.png in Resources */ = {isa = PBXBuildFile; fileRef = ABE1A9D81C7C287C00E6C33F /* btn_nav_brand@3x.png */; };
		ABE1A9FA1C7C287C00E6C33F /* btn_nav_brand_selected@2x.png in Resources */ = {isa = PBXBuildFile; fileRef = ABE1A9D91C7C287C00E6C33F /* btn_nav_brand_selected@2x.png */; };
		ABE1A9FB1C7C287C00E6C33F /* btn_nav_brand_selected@3x.png in Resources */ = {isa = PBXBuildFile; fileRef = ABE1A9DA1C7C287C00E6C33F /* btn_nav_brand_selected@3x.png */; };
		ABE1A9FC1C7C287C00E6C33F /* btn_nav_home@2x.png in Resources */ = {isa = PBXBuildFile; fileRef = ABE1A9DB1C7C287C00E6C33F /* btn_nav_home@2x.png */; };
		ABE1A9FD1C7C287C00E6C33F /* btn_nav_home@3x.png in Resources */ = {isa = PBXBuildFile; fileRef = ABE1A9DC1C7C287C00E6C33F /* btn_nav_home@3x.png */; };
		ABE1A9FE1C7C287C00E6C33F /* btn_nav_home_selected@2x.png in Resources */ = {isa = PBXBuildFile; fileRef = ABE1A9DD1C7C287C00E6C33F /* btn_nav_home_selected@2x.png */; };
		ABE1A9FF1C7C287C00E6C33F /* btn_nav_home_selected@3x.png in Resources */ = {isa = PBXBuildFile; fileRef = ABE1A9DE1C7C287C00E6C33F /* btn_nav_home_selected@3x.png */; };
		ABE1AA001C7C287C00E6C33F /* btn_nav_mine@2x.png in Resources */ = {isa = PBXBuildFile; fileRef = ABE1A9DF1C7C287C00E6C33F /* btn_nav_mine@2x.png */; };
		ABE1AA011C7C287C00E6C33F /* btn_nav_mine@3x.png in Resources */ = {isa = PBXBuildFile; fileRef = ABE1A9E01C7C287C00E6C33F /* btn_nav_mine@3x.png */; };
		ABE1AA021C7C287C00E6C33F /* btn_nav_mine_selected@2x.png in Resources */ = {isa = PBXBuildFile; fileRef = ABE1A9E11C7C287C00E6C33F /* btn_nav_mine_selected@2x.png */; };
		ABE1AA031C7C287C00E6C33F /* btn_nav_mine_selected@3x.png in Resources */ = {isa = PBXBuildFile; fileRef = ABE1A9E21C7C287C00E6C33F /* btn_nav_mine_selected@3x.png */; };
		ABE1AA041C7C287C00E6C33F /* cloudy@2x.png in Resources */ = {isa = PBXBuildFile; fileRef = ABE1A9E31C7C287C00E6C33F /* cloudy@2x.png */; };
		ABE1AA051C7C287C00E6C33F /* rain@2x.png in Resources */ = {isa = PBXBuildFile; fileRef = ABE1A9E41C7C287C00E6C33F /* rain@2x.png */; };
		ABE1AA061C7C287C00E6C33F /* sunshine@2x.png in Resources */ = {isa = PBXBuildFile; fileRef = ABE1A9E51C7C287C00E6C33F /* sunshine@2x.png */; };
		ABE1AA071C7C287C00E6C33F /* MainViewController.swift in Sources */ = {isa = PBXBuildFile; fileRef = ABE1A9E61C7C287C00E6C33F /* MainViewController.swift */; };
		ABE1AA081C7C287C00E6C33F /* MainVCCellModel.swift in Sources */ = {isa = PBXBuildFile; fileRef = ABE1A9E81C7C287C00E6C33F /* MainVCCellModel.swift */; };
		ABE1AA091C7C287C00E6C33F /* MainVCModel.swift in Sources */ = {isa = PBXBuildFile; fileRef = ABE1A9E91C7C287C00E6C33F /* MainVCModel.swift */; };
		ABE1AA0A1C7C287C00E6C33F /* MyTabBar.swift in Sources */ = {isa = PBXBuildFile; fileRef = ABE1A9EA1C7C287C00E6C33F /* MyTabBar.swift */; };
		ABE1AA0B1C7C287C00E6C33F /* MyTabBarController.swift in Sources */ = {isa = PBXBuildFile; fileRef = ABE1A9EB1C7C287C00E6C33F /* MyTabBarController.swift */; };
		ABE1AA0C1C7C287C00E6C33F /* MyTabBarModel.swift in Sources */ = {isa = PBXBuildFile; fileRef = ABE1A9EC1C7C287C00E6C33F /* MyTabBarModel.swift */; };
		ABE1AA0D1C7C287C00E6C33F /* MainVCCell.swift in Sources */ = {isa = PBXBuildFile; fileRef = ABE1A9EE1C7C287C00E6C33F /* MainVCCell.swift */; };
		ABE1AA0E1C7C287C00E6C33F /* MainVCHeadView.swift in Sources */ = {isa = PBXBuildFile; fileRef = ABE1A9EF1C7C287C00E6C33F /* MainVCHeadView.swift */; };
		ABE1AA151C7C292D00E6C33F /* LocationViewController.swift in Sources */ = {isa = PBXBuildFile; fileRef = ABE1AA101C7C292D00E6C33F /* LocationViewController.swift */; };
		ABFB7FA41C634AA900550FF2 /* AppDelegate.swift in Sources */ = {isa = PBXBuildFile; fileRef = ABFB7FA31C634AA900550FF2 /* AppDelegate.swift */; };
		ABFB7FA91C634AA900550FF2 /* Main.storyboard in Resources */ = {isa = PBXBuildFile; fileRef = ABFB7FA71C634AA900550FF2 /* Main.storyboard */; };
		ABFB7FAB1C634AA900550FF2 /* Assets.xcassets in Resources */ = {isa = PBXBuildFile; fileRef = ABFB7FAA1C634AA900550FF2 /* Assets.xcassets */; };
		ABFB7FAE1C634AA900550FF2 /* LaunchScreen.storyboard in Resources */ = {isa = PBXBuildFile; fileRef = ABFB7FAC1C634AA900550FF2 /* LaunchScreen.storyboard */; };
		ABFB7FE61C634B8D00550FF2 /* mobAPI.framework in Frameworks */ = {isa = PBXBuildFile; fileRef = ABFB7FBC1C634B8D00550FF2 /* mobAPI.framework */; };
		ABFB7FE71C634B8D00550FF2 /* MOBFoundation.framework in Frameworks */ = {isa = PBXBuildFile; fileRef = ABFB7FBD1C634B8D00550FF2 /* MOBFoundation.framework */; };
		ABFB7FFB1C634B8D00550FF2 /* navBarBlk@2x.png in Resources */ = {isa = PBXBuildFile; fileRef = ABFB7FDF1C634B8D00550FF2 /* navBarBlk@2x.png */; };
		ABFB7FFC1C634B8D00550FF2 /* btn_close@2x.png in Resources */ = {isa = PBXBuildFile; fileRef = ABFB7FE11C634B8D00550FF2 /* btn_close@2x.png */; };
		ABFB7FFF1C634C6500550FF2 /* libsqlite3.tbd in Frameworks */ = {isa = PBXBuildFile; fileRef = ABFB7FFE1C634C6500550FF2 /* libsqlite3.tbd */; };
		ABFB80011C6350C300550FF2 /* libicucore.tbd in Frameworks */ = {isa = PBXBuildFile; fileRef = ABFB80001C6350C300550FF2 /* libicucore.tbd */; };
		ABFB80031C6350CC00550FF2 /* libz.tbd in Frameworks */ = {isa = PBXBuildFile; fileRef = ABFB80021C6350CC00550FF2 /* libz.tbd */; };
		ABFB80051C6350D400550FF2 /* libstdc++.tbd in Frameworks */ = {isa = PBXBuildFile; fileRef = ABFB80041C6350D400550FF2 /* libstdc++.tbd */; };
/* End PBXBuildFile section */

/* Begin PBXFileReference section */
		02A7417175DFC7757153E833 /* Pods.framework */ = {isa = PBXFileReference; explicitFileType = wrapper.framework; includeInIndex = 0; path = Pods.framework; sourceTree = BUILT_PRODUCTS_DIR; };
		5884C0D80F20163E927B25A4 /* Pods.release.xcconfig */ = {isa = PBXFileReference; includeInIndex = 1; lastKnownFileType = text.xcconfig; name = Pods.release.xcconfig; path = "Pods/Target Support Files/Pods/Pods.release.xcconfig"; sourceTree = "<group>"; };
		AB0C2A0D1C6486840034767F /* city.sqlite3 */ = {isa = PBXFileReference; lastKnownFileType = file; path = city.sqlite3; sourceTree = "<group>"; };
		AB0C2A0F1C649B8C0034767F /* CoreLocation.framework */ = {isa = PBXFileReference; lastKnownFileType = wrapper.framework; name = CoreLocation.framework; path = System/Library/Frameworks/CoreLocation.framework; sourceTree = SDKROOT; };
		ABE1A9C51C7C287C00E6C33F /* DatabaseManager.swift */ = {isa = PBXFileReference; fileEncoding = 4; lastKnownFileType = sourcecode.swift; path = DatabaseManager.swift; sourceTree = "<group>"; };
		ABE1A9C71C7C287C00E6C33F /* NetWorkManager.swift */ = {isa = PBXFileReference; fileEncoding = 4; lastKnownFileType = sourcecode.swift; path = NetWorkManager.swift; sourceTree = "<group>"; };
		ABE1A9C81C7C287C00E6C33F /* URL.swift */ = {isa = PBXFileReference; fileEncoding = 4; lastKnownFileType = sourcecode.swift; path = URL.swift; sourceTree = "<group>"; };
		ABE1A9CA1C7C287C00E6C33F /* RootViewController.swift */ = {isa = PBXFileReference; fileEncoding = 4; lastKnownFileType = sourcecode.swift; path = RootViewController.swift; sourceTree = "<group>"; };
		ABE1A9CC1C7C287C00E6C33F /* Utils.h */ = {isa = PBXFileReference; fileEncoding = 4; lastKnownFileType = sourcecode.c.h; path = Utils.h; sourceTree = "<group>"; };
		ABE1A9CD1C7C287C00E6C33F /* Utils.m */ = {isa = PBXFileReference; fileEncoding = 4; lastKnownFileType = sourcecode.c.objc; path = Utils.m; sourceTree = "<group>"; };
		ABE1A9CF1C7C287C00E6C33F /* HealthViewController.swift */ = {isa = PBXFileReference; fileEncoding = 4; lastKnownFileType = sourcecode.swift; path = HealthViewController.swift; sourceTree = "<group>"; };
		ABE1A9D41C7C287C00E6C33F /* PersonViewController.swift */ = {isa = PBXFileReference; fileEncoding = 4; lastKnownFileType = sourcecode.swift; path = PersonViewController.swift; sourceTree = "<group>"; };
		ABE1A9D71C7C287C00E6C33F /* btn_nav_brand@2x.png */ = {isa = PBXFileReference; lastKnownFileType = image.png; path = "btn_nav_brand@2x.png"; sourceTree = "<group>"; };
		ABE1A9D81C7C287C00E6C33F /* btn_nav_brand@3x.png */ = {isa = PBXFileReference; lastKnownFileType = image.png; path = "btn_nav_brand@3x.png"; sourceTree = "<group>"; };
		ABE1A9D91C7C287C00E6C33F /* btn_nav_brand_selected@2x.png */ = {isa = PBXFileReference; lastKnownFileType = image.png; path = "btn_nav_brand_selected@2x.png"; sourceTree = "<group>"; };
		ABE1A9DA1C7C287C00E6C33F /* btn_nav_brand_selected@3x.png */ = {isa = PBXFileReference; lastKnownFileType = image.png; path = "btn_nav_brand_selected@3x.png"; sourceTree = "<group>"; };
		ABE1A9DB1C7C287C00E6C33F /* btn_nav_home@2x.png */ = {isa = PBXFileReference; lastKnownFileType = image.png; path = "btn_nav_home@2x.png"; sourceTree = "<group>"; };
		ABE1A9DC1C7C287C00E6C33F /* btn_nav_home@3x.png */ = {isa = PBXFileReference; lastKnownFileType = image.png; path = "btn_nav_home@3x.png"; sourceTree = "<group>"; };
		ABE1A9DD1C7C287C00E6C33F /* btn_nav_home_selected@2x.png */ = {isa = PBXFileReference; lastKnownFileType = image.png; path = "btn_nav_home_selected@2x.png"; sourceTree = "<group>"; };
		ABE1A9DE1C7C287C00E6C33F /* btn_nav_home_selected@3x.png */ = {isa = PBXFileReference; lastKnownFileType = image.png; path = "btn_nav_home_selected@3x.png"; sourceTree = "<group>"; };
		ABE1A9DF1C7C287C00E6C33F /* btn_nav_mine@2x.png */ = {isa = PBXFileReference; lastKnownFileType = image.png; path = "btn_nav_mine@2x.png"; sourceTree = "<group>"; };
		ABE1A9E01C7C287C00E6C33F /* btn_nav_mine@3x.png */ = {isa = PBXFileReference; lastKnownFileType = image.png; path = "btn_nav_mine@3x.png"; sourceTree = "<group>"; };
		ABE1A9E11C7C287C00E6C33F /* btn_nav_mine_selected@2x.png */ = {isa = PBXFileReference; lastKnownFileType = image.png; path = "btn_nav_mine_selected@2x.png"; sourceTree = "<group>"; };
		ABE1A9E21C7C287C00E6C33F /* btn_nav_mine_selected@3x.png */ = {isa = PBXFileReference; lastKnownFileType = image.png; path = "btn_nav_mine_selected@3x.png"; sourceTree = "<group>"; };
		ABE1A9E31C7C287C00E6C33F /* cloudy@2x.png */ = {isa = PBXFileReference; lastKnownFileType = image.png; path = "cloudy@2x.png"; sourceTree = "<group>"; };
		ABE1A9E41C7C287C00E6C33F /* rain@2x.png */ = {isa = PBXFileReference; lastKnownFileType = image.png; path = "rain@2x.png"; sourceTree = "<group>"; };
		ABE1A9E51C7C287C00E6C33F /* sunshine@2x.png */ = {isa = PBXFileReference; lastKnownFileType = image.png; path = "sunshine@2x.png"; sourceTree = "<group>"; };
		ABE1A9E61C7C287C00E6C33F /* MainViewController.swift */ = {isa = PBXFileReference; fileEncoding = 4; lastKnownFileType = sourcecode.swift; path = MainViewController.swift; sourceTree = "<group>"; };
		ABE1A9E81C7C287C00E6C33F /* MainVCCellModel.swift */ = {isa = PBXFileReference; fileEncoding = 4; lastKnownFileType = sourcecode.swift; path = MainVCCellModel.swift; sourceTree = "<group>"; };
		ABE1A9E91C7C287C00E6C33F /* MainVCModel.swift */ = {isa = PBXFileReference; fileEncoding = 4; lastKnownFileType = sourcecode.swift; path = MainVCModel.swift; sourceTree = "<group>"; };
		ABE1A9EA1C7C287C00E6C33F /* MyTabBar.swift */ = {isa = PBXFileReference; fileEncoding = 4; lastKnownFileType = sourcecode.swift; path = MyTabBar.swift; sourceTree = "<group>"; };
		ABE1A9EB1C7C287C00E6C33F /* MyTabBarController.swift */ = {isa = PBXFileReference; fileEncoding = 4; lastKnownFileType = sourcecode.swift; path = MyTabBarController.swift; sourceTree = "<group>"; };
		ABE1A9EC1C7C287C00E6C33F /* MyTabBarModel.swift */ = {isa = PBXFileReference; fileEncoding = 4; lastKnownFileType = sourcecode.swift; path = MyTabBarModel.swift; sourceTree = "<group>"; };
		ABE1A9EE1C7C287C00E6C33F /* MainVCCell.swift */ = {isa = PBXFileReference; fileEncoding = 4; lastKnownFileType = sourcecode.swift; path = MainVCCell.swift; sourceTree = "<group>"; };
		ABE1A9EF1C7C287C00E6C33F /* MainVCHeadView.swift */ = {isa = PBXFileReference; fileEncoding = 4; lastKnownFileType = sourcecode.swift; path = MainVCHeadView.swift; sourceTree = "<group>"; };
		ABE1AA101C7C292D00E6C33F /* LocationViewController.swift */ = {isa = PBXFileReference; fileEncoding = 4; lastKnownFileType = sourcecode.swift; path = LocationViewController.swift; sourceTree = "<group>"; };
		ABE1AA131C7C292D00E6C33F /* PrefixHeader.pch */ = {isa = PBXFileReference; fileEncoding = 4; lastKnownFileType = sourcecode.c.h; path = PrefixHeader.pch; sourceTree = "<group>"; };
		ABE1AA141C7C292D00E6C33F /* Weathers-Bridging-Header.h */ = {isa = PBXFileReference; fileEncoding = 4; lastKnownFileType = sourcecode.c.h; path = "Weathers-Bridging-Header.h"; sourceTree = "<group>"; };
		ABFB7FA01C634AA900550FF2 /* Weathers.app */ = {isa = PBXFileReference; explicitFileType = wrapper.application; includeInIndex = 0; path = Weathers.app; sourceTree = BUILT_PRODUCTS_DIR; };
		ABFB7FA31C634AA900550FF2 /* AppDelegate.swift */ = {isa = PBXFileReference; lastKnownFileType = sourcecode.swift; path = AppDelegate.swift; sourceTree = "<group>"; };
		ABFB7FA81C634AA900550FF2 /* Base */ = {isa = PBXFileReference; lastKnownFileType = file.storyboard; name = Base; path = Base.lproj/Main.storyboard; sourceTree = "<group>"; };
		ABFB7FAA1C634AA900550FF2 /* Assets.xcassets */ = {isa = PBXFileReference; lastKnownFileType = folder.assetcatalog; path = Assets.xcassets; sourceTree = "<group>"; };
		ABFB7FAD1C634AA900550FF2 /* Base */ = {isa = PBXFileReference; lastKnownFileType = file.storyboard; name = Base; path = Base.lproj/LaunchScreen.storyboard; sourceTree = "<group>"; };
		ABFB7FAF1C634AA900550FF2 /* Info.plist */ = {isa = PBXFileReference; lastKnownFileType = text.plist.xml; path = Info.plist; sourceTree = "<group>"; };
		ABFB7FBC1C634B8D00550FF2 /* mobAPI.framework */ = {isa = PBXFileReference; lastKnownFileType = wrapper.framework; path = mobAPI.framework; sourceTree = "<group>"; };
		ABFB7FBD1C634B8D00550FF2 /* MOBFoundation.framework */ = {isa = PBXFileReference; lastKnownFileType = wrapper.framework; path = MOBFoundation.framework; sourceTree = "<group>"; };
		ABFB7FDF1C634B8D00550FF2 /* navBarBlk@2x.png */ = {isa = PBXFileReference; lastKnownFileType = image.png; path = "navBarBlk@2x.png"; sourceTree = "<group>"; };
		ABFB7FE11C634B8D00550FF2 /* btn_close@2x.png */ = {isa = PBXFileReference; lastKnownFileType = image.png; path = "btn_close@2x.png"; sourceTree = "<group>"; };
		ABFB7FFE1C634C6500550FF2 /* libsqlite3.tbd */ = {isa = PBXFileReference; lastKnownFileType = "sourcecode.text-based-dylib-definition"; name = libsqlite3.tbd; path = usr/lib/libsqlite3.tbd; sourceTree = SDKROOT; };
		ABFB80001C6350C300550FF2 /* libicucore.tbd */ = {isa = PBXFileReference; lastKnownFileType = "sourcecode.text-based-dylib-definition"; name = libicucore.tbd; path = usr/lib/libicucore.tbd; sourceTree = SDKROOT; };
		ABFB80021C6350CC00550FF2 /* libz.tbd */ = {isa = PBXFileReference; lastKnownFileType = "sourcecode.text-based-dylib-definition"; name = libz.tbd; path = usr/lib/libz.tbd; sourceTree = SDKROOT; };
		ABFB80041C6350D400550FF2 /* libstdc++.tbd */ = {isa = PBXFileReference; lastKnownFileType = "sourcecode.text-based-dylib-definition"; name = "libstdc++.tbd"; path = "usr/lib/libstdc++.tbd"; sourceTree = SDKROOT; };
		F12A46B95C050AEE09E50673 /* Pods.debug.xcconfig */ = {isa = PBXFileReference; includeInIndex = 1; lastKnownFileType = text.xcconfig; name = Pods.debug.xcconfig; path = "Pods/Target Support Files/Pods/Pods.debug.xcconfig"; sourceTree = "<group>"; };
/* End PBXFileReference section */

/* Begin PBXFrameworksBuildPhase section */
		ABFB7F9D1C634AA900550FF2 /* Frameworks */ = {
			isa = PBXFrameworksBuildPhase;
			buildActionMask = 2147483647;
			files = (
				AB0C2A101C649B8C0034767F /* CoreLocation.framework in Frameworks */,
				ABFB80051C6350D400550FF2 /* libstdc++.tbd in Frameworks */,
				ABFB80031C6350CC00550FF2 /* libz.tbd in Frameworks */,
				ABFB80011C6350C300550FF2 /* libicucore.tbd in Frameworks */,
				ABFB7FFF1C634C6500550FF2 /* libsqlite3.tbd in Frameworks */,
				ABFB7FE71C634B8D00550FF2 /* MOBFoundation.framework in Frameworks */,
				ABFB7FE61C634B8D00550FF2 /* mobAPI.framework in Frameworks */,
				04C63101A4B98AE1810CF1E6 /* Pods.framework in Frameworks */,
			);
			runOnlyForDeploymentPostprocessing = 0;
		};
/* End PBXFrameworksBuildPhase section */

/* Begin PBXGroup section */
		4F61927D14DD5FAF52AA15DF /* Frameworks */ = {
			isa = PBXGroup;
			children = (
				AB0C2A0F1C649B8C0034767F /* CoreLocation.framework */,
				ABFB80041C6350D400550FF2 /* libstdc++.tbd */,
				ABFB80021C6350CC00550FF2 /* libz.tbd */,
				ABFB80001C6350C300550FF2 /* libicucore.tbd */,
				ABFB7FFE1C634C6500550FF2 /* libsqlite3.tbd */,
				02A7417175DFC7757153E833 /* Pods.framework */,
			);
			name = Frameworks;
			sourceTree = "<group>";
		};
		5367F77E0A3B8E5A08D02294 /* Pods */ = {
			isa = PBXGroup;
			children = (
				F12A46B95C050AEE09E50673 /* Pods.debug.xcconfig */,
				5884C0D80F20163E927B25A4 /* Pods.release.xcconfig */,
			);
			name = Pods;
			sourceTree = "<group>";
		};
		ABE1A9C21C7C287C00E6C33F /* Classes */ = {
			isa = PBXGroup;
			children = (
				ABE1A9D51C7C287C00E6C33F /* Weather */,
				ABE1A9CE1C7C287C00E6C33F /* Health */,
				ABE1A9D31C7C287C00E6C33F /* Person */,
				ABE1A9C31C7C287C00E6C33F /* Common */,
			);
			path = Classes;
			sourceTree = "<group>";
		};
		ABE1A9C31C7C287C00E6C33F /* Common */ = {
			isa = PBXGroup;
			children = (
				ABE1AA0F1C7C292D00E6C33F /* Location */,
				ABE1AA121C7C292D00E6C33F /* Other */,
				ABE1A9C41C7C287C00E6C33F /* Database */,
				ABE1A9C61C7C287C00E6C33F /* Network */,
				ABE1A9C91C7C287C00E6C33F /* Super */,
				ABE1A9CB1C7C287C00E6C33F /* Utils */,
			);
			path = Common;
			sourceTree = "<group>";
		};
		ABE1A9C41C7C287C00E6C33F /* Database */ = {
			isa = PBXGroup;
			children = (
				ABE1A9C51C7C287C00E6C33F /* DatabaseManager.swift */,
			);
			path = Database;
			sourceTree = "<group>";
		};
		ABE1A9C61C7C287C00E6C33F /* Network */ = {
			isa = PBXGroup;
			children = (
				ABE1A9C71C7C287C00E6C33F /* NetWorkManager.swift */,
				ABE1A9C81C7C287C00E6C33F /* URL.swift */,
			);
			path = Network;
			sourceTree = "<group>";
		};
		ABE1A9C91C7C287C00E6C33F /* Super */ = {
			isa = PBXGroup;
			children = (
				ABE1A9CA1C7C287C00E6C33F /* RootViewController.swift */,
			);
			path = Super;
			sourceTree = "<group>";
		};
		ABE1A9CB1C7C287C00E6C33F /* Utils */ = {
			isa = PBXGroup;
			children = (
				ABE1A9CC1C7C287C00E6C33F /* Utils.h */,
				ABE1A9CD1C7C287C00E6C33F /* Utils.m */,
			);
			path = Utils;
			sourceTree = "<group>";
		};
		ABE1A9CE1C7C287C00E6C33F /* Health */ = {
			isa = PBXGroup;
			children = (
				ABE1A9CF1C7C287C00E6C33F /* HealthViewController.swift */,
			);
			path = Health;
			sourceTree = "<group>";
		};
		ABE1A9D31C7C287C00E6C33F /* Person */ = {
			isa = PBXGroup;
			children = (
				ABE1A9D41C7C287C00E6C33F /* PersonViewController.swift */,
			);
			path = Person;
			sourceTree = "<group>";
		};
		ABE1A9D51C7C287C00E6C33F /* Weather */ = {
			isa = PBXGroup;
			children = (
				ABE1A9D61C7C287C00E6C33F /* Image */,
				ABE1A9E61C7C287C00E6C33F /* MainViewController.swift */,
				ABE1A9E71C7C287C00E6C33F /* Model */,
				ABE1A9EA1C7C287C00E6C33F /* MyTabBar.swift */,
				ABE1A9EB1C7C287C00E6C33F /* MyTabBarController.swift */,
				ABE1A9EC1C7C287C00E6C33F /* MyTabBarModel.swift */,
				ABE1A9ED1C7C287C00E6C33F /* View */,
			);
			path = Weather;
			sourceTree = "<group>";
		};
		ABE1A9D61C7C287C00E6C33F /* Image */ = {
			isa = PBXGroup;
			children = (
				ABE1A9D71C7C287C00E6C33F /* btn_nav_brand@2x.png */,
				ABE1A9D81C7C287C00E6C33F /* btn_nav_brand@3x.png */,
				ABE1A9D91C7C287C00E6C33F /* btn_nav_brand_selected@2x.png */,
				ABE1A9DA1C7C287C00E6C33F /* btn_nav_brand_selected@3x.png */,
				ABE1A9DB1C7C287C00E6C33F /* btn_nav_home@2x.png */,
				ABE1A9DC1C7C287C00E6C33F /* btn_nav_home@3x.png */,
				ABE1A9DD1C7C287C00E6C33F /* btn_nav_home_selected@2x.png */,
				ABE1A9DE1C7C287C00E6C33F /* btn_nav_home_selected@3x.png */,
				ABE1A9DF1C7C287C00E6C33F /* btn_nav_mine@2x.png */,
				ABE1A9E01C7C287C00E6C33F /* btn_nav_mine@3x.png */,
				ABE1A9E11C7C287C00E6C33F /* btn_nav_mine_selected@2x.png */,
				ABE1A9E21C7C287C00E6C33F /* btn_nav_mine_selected@3x.png */,
				ABE1A9E31C7C287C00E6C33F /* cloudy@2x.png */,
				ABE1A9E41C7C287C00E6C33F /* rain@2x.png */,
				ABE1A9E51C7C287C00E6C33F /* sunshine@2x.png */,
			);
			path = Image;
			sourceTree = "<group>";
		};
		ABE1A9E71C7C287C00E6C33F /* Model */ = {
			isa = PBXGroup;
			children = (
				ABE1A9E81C7C287C00E6C33F /* MainVCCellModel.swift */,
				ABE1A9E91C7C287C00E6C33F /* MainVCModel.swift */,
			);
			path = Model;
			sourceTree = "<group>";
		};
		ABE1A9ED1C7C287C00E6C33F /* View */ = {
			isa = PBXGroup;
			children = (
				ABE1A9EE1C7C287C00E6C33F /* MainVCCell.swift */,
				ABE1A9EF1C7C287C00E6C33F /* MainVCHeadView.swift */,
			);
			path = View;
			sourceTree = "<group>";
		};
		ABE1AA0F1C7C292D00E6C33F /* Location */ = {
			isa = PBXGroup;
			children = (
				ABE1AA101C7C292D00E6C33F /* LocationViewController.swift */,
				ABE1AA111C7C292D00E6C33F /* View */,
			);
			path = Location;
			sourceTree = "<group>";
		};
		ABE1AA111C7C292D00E6C33F /* View */ = {
			isa = PBXGroup;
			children = (
			);
			path = View;
			sourceTree = "<group>";
		};
		ABE1AA121C7C292D00E6C33F /* Other */ = {
			isa = PBXGroup;
			children = (
				ABE1AA131C7C292D00E6C33F /* PrefixHeader.pch */,
				ABE1AA141C7C292D00E6C33F /* Weathers-Bridging-Header.h */,
			);
			path = Other;
			sourceTree = "<group>";
		};
		ABFB7F971C634AA900550FF2 = {
			isa = PBXGroup;
			children = (
				ABFB7FA21C634AA900550FF2 /* Weathers */,
				ABFB7FA11C634AA900550FF2 /* Products */,
				5367F77E0A3B8E5A08D02294 /* Pods */,
				4F61927D14DD5FAF52AA15DF /* Frameworks */,
			);
			sourceTree = "<group>";
		};
		ABFB7FA11C634AA900550FF2 /* Products */ = {
			isa = PBXGroup;
			children = (
				ABFB7FA01C634AA900550FF2 /* Weathers.app */,
			);
			name = Products;
			sourceTree = "<group>";
		};
		ABFB7FA21C634AA900550FF2 /* Weathers */ = {
			isa = PBXGroup;
			children = (
				ABE1A9C21C7C287C00E6C33F /* Classes */,
				ABFB7FBA1C634B8D00550FF2 /* Lib */,
				ABFB7FDA1C634B8D00550FF2 /* Source */,
				ABFB7FA31C634AA900550FF2 /* AppDelegate.swift */,
				ABFB7FA71C634AA900550FF2 /* Main.storyboard */,
				ABFB7FAA1C634AA900550FF2 /* Assets.xcassets */,
				ABFB7FAC1C634AA900550FF2 /* LaunchScreen.storyboard */,
				ABFB7FAF1C634AA900550FF2 /* Info.plist */,
			);
			path = Weathers;
			sourceTree = "<group>";
		};
		ABFB7FBA1C634B8D00550FF2 /* Lib */ = {
			isa = PBXGroup;
			children = (
				ABFB7FBB1C634B8D00550FF2 /* libraries */,
			);
			path = Lib;
			sourceTree = "<group>";
		};
		ABFB7FBB1C634B8D00550FF2 /* libraries */ = {
			isa = PBXGroup;
			children = (
				ABFB7FBC1C634B8D00550FF2 /* mobAPI.framework */,
				ABFB7FBD1C634B8D00550FF2 /* MOBFoundation.framework */,
			);
			path = libraries;
			sourceTree = "<group>";
		};
		ABFB7FDA1C634B8D00550FF2 /* Source */ = {
			isa = PBXGroup;
			children = (
				ABFB7FDB1C634B8D00550FF2 /* Data */,
				ABFB7FDD1C634B8D00550FF2 /* Image */,
			);
			path = Source;
			sourceTree = "<group>";
		};
		ABFB7FDB1C634B8D00550FF2 /* Data */ = {
			isa = PBXGroup;
			children = (
				AB0C2A0D1C6486840034767F /* city.sqlite3 */,
			);
			path = Data;
			sourceTree = "<group>";
		};
		ABFB7FDD1C634B8D00550FF2 /* Image */ = {
			isa = PBXGroup;
			children = (
				ABFB7FDE1C634B8D00550FF2 /* Common */,
				ABFB7FE01C634B8D00550FF2 /* Weather */,
			);
			path = Image;
			sourceTree = "<group>";
		};
		ABFB7FDE1C634B8D00550FF2 /* Common */ = {
			isa = PBXGroup;
			children = (
				ABFB7FDF1C634B8D00550FF2 /* navBarBlk@2x.png */,
			);
			path = Common;
			sourceTree = "<group>";
		};
		ABFB7FE01C634B8D00550FF2 /* Weather */ = {
			isa = PBXGroup;
			children = (
				ABFB7FE11C634B8D00550FF2 /* btn_close@2x.png */,
			);
			path = Weather;
			sourceTree = "<group>";
		};
/* End PBXGroup section */

/* Begin PBXNativeTarget section */
		ABFB7F9F1C634AA900550FF2 /* Weathers */ = {
			isa = PBXNativeTarget;
			buildConfigurationList = ABFB7FB21C634AA900550FF2 /* Build configuration list for PBXNativeTarget "Weathers" */;
			buildPhases = (
				5E1DBBD0217DCB864415529F /* Check Pods Manifest.lock */,
				ABFB7F9C1C634AA900550FF2 /* Sources */,
				ABFB7F9D1C634AA900550FF2 /* Frameworks */,
				ABFB7F9E1C634AA900550FF2 /* Resources */,
				A7842760F94CF09B53954D8E /* Embed Pods Frameworks */,
				AB50B6B1BE1FA810E9F67941 /* Copy Pods Resources */,
			);
			buildRules = (
			);
			dependencies = (
			);
			name = Weathers;
			productName = Weathers;
			productReference = ABFB7FA01C634AA900550FF2 /* Weathers.app */;
			productType = "com.apple.product-type.application";
		};
/* End PBXNativeTarget section */

/* Begin PBXProject section */
		ABFB7F981C634AA900550FF2 /* Project object */ = {
			isa = PBXProject;
			attributes = {
				LastSwiftUpdateCheck = 0720;
				LastUpgradeCheck = 0720;
				ORGANIZATIONNAME = "游辉";
				TargetAttributes = {
					ABFB7F9F1C634AA900550FF2 = {
						CreatedOnToolsVersion = 7.2;
						DevelopmentTeam = 3E4LSSERGY;
						SystemCapabilities = {
							com.apple.BackgroundModes = {
								enabled = 1;
							};
						};
					};
				};
			};
			buildConfigurationList = ABFB7F9B1C634AA900550FF2 /* Build configuration list for PBXProject "Weathers" */;
			compatibilityVersion = "Xcode 3.2";
			developmentRegion = English;
			hasScannedForEncodings = 0;
			knownRegions = (
				en,
				Base,
			);
			mainGroup = ABFB7F971C634AA900550FF2;
			productRefGroup = ABFB7FA11C634AA900550FF2 /* Products */;
			projectDirPath = "";
			projectRoot = "";
			targets = (
				ABFB7F9F1C634AA900550FF2 /* Weathers */,
			);
		};
/* End PBXProject section */

/* Begin PBXResourcesBuildPhase section */
		ABFB7F9E1C634AA900550FF2 /* Resources */ = {
			isa = PBXResourcesBuildPhase;
			buildActionMask = 2147483647;
			files = (
				ABE1A9FC1C7C287C00E6C33F /* btn_nav_home@2x.png in Resources */,
				ABE1AA011C7C287C00E6C33F /* btn_nav_mine@3x.png in Resources */,
				ABE1A9FD1C7C287C00E6C33F /* btn_nav_home@3x.png in Resources */,
				ABE1A9FF1C7C287C00E6C33F /* btn_nav_home_selected@3x.png in Resources */,
				ABE1A9FA1C7C287C00E6C33F /* btn_nav_brand_selected@2x.png in Resources */,
				ABE1AA001C7C287C00E6C33F /* btn_nav_mine@2x.png in Resources */,
				ABE1A9F91C7C287C00E6C33F /* btn_nav_brand@3x.png in Resources */,
				ABE1AA041C7C287C00E6C33F /* cloudy@2x.png in Resources */,
				ABE1A9FE1C7C287C00E6C33F /* btn_nav_home_selected@2x.png in Resources */,
				ABE1AA031C7C287C00E6C33F /* btn_nav_mine_selected@3x.png in Resources */,
				ABE1AA061C7C287C00E6C33F /* sunshine@2x.png in Resources */,
				ABE1AA051C7C287C00E6C33F /* rain@2x.png in Resources */,
				AB0C2A0E1C6486840034767F /* city.sqlite3 in Resources */,
				ABE1A9F81C7C287C00E6C33F /* btn_nav_brand@2x.png in Resources */,
				ABFB7FAE1C634AA900550FF2 /* LaunchScreen.storyboard in Resources */,
				ABFB7FAB1C634AA900550FF2 /* Assets.xcassets in Resources */,
				ABFB7FA91C634AA900550FF2 /* Main.storyboard in Resources */,
				ABE1AA021C7C287C00E6C33F /* btn_nav_mine_selected@2x.png in Resources */,
				ABFB7FFB1C634B8D00550FF2 /* navBarBlk@2x.png in Resources */,
				ABFB7FFC1C634B8D00550FF2 /* btn_close@2x.png in Resources */,
				ABE1A9FB1C7C287C00E6C33F /* btn_nav_brand_selected@3x.png in Resources */,
			);
			runOnlyForDeploymentPostprocessing = 0;
		};
/* End PBXResourcesBuildPhase section */

/* Begin PBXShellScriptBuildPhase section */
		5E1DBBD0217DCB864415529F /* Check Pods Manifest.lock */ = {
			isa = PBXShellScriptBuildPhase;
			buildActionMask = 2147483647;
			files = (
			);
			inputPaths = (
			);
			name = "Check Pods Manifest.lock";
			outputPaths = (
			);
			runOnlyForDeploymentPostprocessing = 0;
			shellPath = /bin/sh;
			shellScript = "diff \"${PODS_ROOT}/../Podfile.lock\" \"${PODS_ROOT}/Manifest.lock\" > /dev/null\nif [[ $? != 0 ]] ; then\n    cat << EOM\nerror: The sandbox is not in sync with the Podfile.lock. Run 'pod install' or update your CocoaPods installation.\nEOM\n    exit 1\nfi\n";
			showEnvVarsInLog = 0;
		};
		A7842760F94CF09B53954D8E /* Embed Pods Frameworks */ = {
			isa = PBXShellScriptBuildPhase;
			buildActionMask = 2147483647;
			files = (
			);
			inputPaths = (
			);
			name = "Embed Pods Frameworks";
			outputPaths = (
			);
			runOnlyForDeploymentPostprocessing = 0;
			shellPath = /bin/sh;
			shellScript = "\"${SRCROOT}/Pods/Target Support Files/Pods/Pods-frameworks.sh\"\n";
			showEnvVarsInLog = 0;
		};
		AB50B6B1BE1FA810E9F67941 /* Copy Pods Resources */ = {
			isa = PBXShellScriptBuildPhase;
			buildActionMask = 2147483647;
			files = (
			);
			inputPaths = (
			);
			name = "Copy Pods Resources";
			outputPaths = (
			);
			runOnlyForDeploymentPostprocessing = 0;
			shellPath = /bin/sh;
			shellScript = "\"${SRCROOT}/Pods/Target Support Files/Pods/Pods-resources.sh\"\n";
			showEnvVarsInLog = 0;
		};
/* End PBXShellScriptBuildPhase section */

/* Begin PBXSourcesBuildPhase section */
		ABFB7F9C1C634AA900550FF2 /* Sources */ = {
			isa = PBXSourcesBuildPhase;
			buildActionMask = 2147483647;
			files = (
				ABE1AA081C7C287C00E6C33F /* MainVCCellModel.swift in Sources */,
				ABE1A9F31C7C287C00E6C33F /* RootViewController.swift in Sources */,
				ABE1AA0C1C7C287C00E6C33F /* MyTabBarModel.swift in Sources */,
				ABE1AA0E1C7C287C00E6C33F /* MainVCHeadView.swift in Sources */,
				ABE1AA151C7C292D00E6C33F /* LocationViewController.swift in Sources */,
				ABE1AA0A1C7C287C00E6C33F /* MyTabBar.swift in Sources */,
				ABE1A9F01C7C287C00E6C33F /* DatabaseManager.swift in Sources */,
				ABFB7FA41C634AA900550FF2 /* AppDelegate.swift in Sources */,
				ABE1A9F41C7C287C00E6C33F /* Utils.m in Sources */,
				ABE1A9F11C7C287C00E6C33F /* NetWorkManager.swift in Sources */,
				ABE1A9F21C7C287C00E6C33F /* URL.swift in Sources */,
				ABE1AA0D1C7C287C00E6C33F /* MainVCCell.swift in Sources */,
				ABE1AA091C7C287C00E6C33F /* MainVCModel.swift in Sources */,
				ABE1A9F51C7C287C00E6C33F /* HealthViewController.swift in Sources */,
				ABE1A9F71C7C287C00E6C33F /* PersonViewController.swift in Sources */,
				ABE1AA071C7C287C00E6C33F /* MainViewController.swift in Sources */,
				ABE1AA0B1C7C287C00E6C33F /* MyTabBarController.swift in Sources */,
			);
			runOnlyForDeploymentPostprocessing = 0;
		};
/* End PBXSourcesBuildPhase section */

/* Begin PBXVariantGroup section */
		ABFB7FA71C634AA900550FF2 /* Main.storyboard */ = {
			isa = PBXVariantGroup;
			children = (
				ABFB7FA81C634AA900550FF2 /* Base */,
			);
			name = Main.storyboard;
			sourceTree = "<group>";
		};
		ABFB7FAC1C634AA900550FF2 /* LaunchScreen.storyboard */ = {
			isa = PBXVariantGroup;
			children = (
				ABFB7FAD1C634AA900550FF2 /* Base */,
			);
			name = LaunchScreen.storyboard;
			sourceTree = "<group>";
		};
/* End PBXVariantGroup section */

/* Begin XCBuildConfiguration section */
		ABFB7FB01C634AA900550FF2 /* Debug */ = {
			isa = XCBuildConfiguration;
			buildSettings = {
				ALWAYS_SEARCH_USER_PATHS = NO;
				CLANG_CXX_LANGUAGE_STANDARD = "gnu++0x";
				CLANG_CXX_LIBRARY = "libc++";
				CLANG_ENABLE_MODULES = YES;
				CLANG_ENABLE_OBJC_ARC = YES;
				CLANG_WARN_BOOL_CONVERSION = YES;
				CLANG_WARN_CONSTANT_CONVERSION = YES;
				CLANG_WARN_DIRECT_OBJC_ISA_USAGE = YES_ERROR;
				CLANG_WARN_EMPTY_BODY = YES;
				CLANG_WARN_ENUM_CONVERSION = YES;
				CLANG_WARN_INT_CONVERSION = YES;
				CLANG_WARN_OBJC_ROOT_CLASS = YES_ERROR;
				CLANG_WARN_UNREACHABLE_CODE = YES;
				CLANG_WARN__DUPLICATE_METHOD_MATCH = YES;
				"CODE_SIGN_IDENTITY[sdk=iphoneos*]" = "iPhone Developer";
				COPY_PHASE_STRIP = NO;
				DEBUG_INFORMATION_FORMAT = dwarf;
				ENABLE_STRICT_OBJC_MSGSEND = YES;
				ENABLE_TESTABILITY = YES;
				GCC_C_LANGUAGE_STANDARD = gnu99;
				GCC_DYNAMIC_NO_PIC = NO;
				GCC_NO_COMMON_BLOCKS = YES;
				GCC_OPTIMIZATION_LEVEL = 0;
				GCC_PREPROCESSOR_DEFINITIONS = (
					"DEBUG=1",
					"$(inherited)",
				);
				GCC_WARN_64_TO_32_BIT_CONVERSION = YES;
				GCC_WARN_ABOUT_RETURN_TYPE = YES_ERROR;
				GCC_WARN_UNDECLARED_SELECTOR = YES;
				GCC_WARN_UNINITIALIZED_AUTOS = YES_AGGRESSIVE;
				GCC_WARN_UNUSED_FUNCTION = YES;
				GCC_WARN_UNUSED_VARIABLE = YES;
				IPHONEOS_DEPLOYMENT_TARGET = 9.2;
				MTL_ENABLE_DEBUG_INFO = YES;
				ONLY_ACTIVE_ARCH = YES;
				SDKROOT = iphoneos;
				SWIFT_OPTIMIZATION_LEVEL = "-Onone";
				TARGETED_DEVICE_FAMILY = "1,2";
			};
			name = Debug;
		};
		ABFB7FB11C634AA900550FF2 /* Release */ = {
			isa = XCBuildConfiguration;
			buildSettings = {
				ALWAYS_SEARCH_USER_PATHS = NO;
				CLANG_CXX_LANGUAGE_STANDARD = "gnu++0x";
				CLANG_CXX_LIBRARY = "libc++";
				CLANG_ENABLE_MODULES = YES;
				CLANG_ENABLE_OBJC_ARC = YES;
				CLANG_WARN_BOOL_CONVERSION = YES;
				CLANG_WARN_CONSTANT_CONVERSION = YES;
				CLANG_WARN_DIRECT_OBJC_ISA_USAGE = YES_ERROR;
				CLANG_WARN_EMPTY_BODY = YES;
				CLANG_WARN_ENUM_CONVERSION = YES;
				CLANG_WARN_INT_CONVERSION = YES;
				CLANG_WARN_OBJC_ROOT_CLASS = YES_ERROR;
				CLANG_WARN_UNREACHABLE_CODE = YES;
				CLANG_WARN__DUPLICATE_METHOD_MATCH = YES;
				"CODE_SIGN_IDENTITY[sdk=iphoneos*]" = "iPhone Developer";
				COPY_PHASE_STRIP = NO;
				DEBUG_INFORMATION_FORMAT = "dwarf-with-dsym";
				ENABLE_NS_ASSERTIONS = NO;
				ENABLE_STRICT_OBJC_MSGSEND = YES;
				GCC_C_LANGUAGE_STANDARD = gnu99;
				GCC_NO_COMMON_BLOCKS = YES;
				GCC_WARN_64_TO_32_BIT_CONVERSION = YES;
				GCC_WARN_ABOUT_RETURN_TYPE = YES_ERROR;
				GCC_WARN_UNDECLARED_SELECTOR = YES;
				GCC_WARN_UNINITIALIZED_AUTOS = YES_AGGRESSIVE;
				GCC_WARN_UNUSED_FUNCTION = YES;
				GCC_WARN_UNUSED_VARIABLE = YES;
				IPHONEOS_DEPLOYMENT_TARGET = 9.2;
				MTL_ENABLE_DEBUG_INFO = NO;
				SDKROOT = iphoneos;
				TARGETED_DEVICE_FAMILY = "1,2";
				VALIDATE_PRODUCT = YES;
			};
			name = Release;
		};
		ABFB7FB31C634AA900550FF2 /* Debug */ = {
			isa = XCBuildConfiguration;
			baseConfigurationReference = F12A46B95C050AEE09E50673 /* Pods.debug.xcconfig */;
			buildSettings = {
				ASSETCATALOG_COMPILER_APPICON_NAME = AppIcon;
				CODE_SIGN_IDENTITY = "iPhone Developer";
				FRAMEWORK_SEARCH_PATHS = (
					"$(inherited)",
					"$(PROJECT_DIR)/Weathers/Lib/libraries",
				);
				GCC_PREFIX_HEADER = /Users/srgroup/Documents/othetProject/Weathers/Weathers/Classes/Common/Other/PrefixHeader.pch;
				HEADER_SEARCH_PATHS = "\"$(SRCROOT)/Pods/Alamofire\"";
				INFOPLIST_FILE = Weathers/Info.plist;
				IPHONEOS_DEPLOYMENT_TARGET = 9.0;
				LD_RUNPATH_SEARCH_PATHS = "$(inherited) @executable_path/Frameworks";
				PRODUCT_BUNDLE_IDENTIFIER = cn.yh.Weathers;
				PRODUCT_NAME = "$(TARGET_NAME)";
				SWIFT_OBJC_BRIDGING_HEADER = "/Users/srgroup/Documents/othetProject/Weathers/Weathers/Classes/Common/Other/Weathers-Bridging-Header.h";
				USER_HEADER_SEARCH_PATHS = "";
			};
			name = Debug;
		};
		ABFB7FB41C634AA900550FF2 /* Release */ = {
			isa = XCBuildConfiguration;
			baseConfigurationReference = 5884C0D80F20163E927B25A4 /* Pods.release.xcconfig */;
			buildSettings = {
				ASSETCATALOG_COMPILER_APPICON_NAME = AppIcon;
				CODE_SIGN_IDENTITY = "iPhone Developer";
				FRAMEWORK_SEARCH_PATHS = (
					"$(inherited)",
					"$(PROJECT_DIR)/Weathers/Lib/libraries",
				);
				GCC_PREFIX_HEADER = /Users/srgroup/Documents/othetProject/Weathers/Weathers/Classes/Common/Other/PrefixHeader.pch;
				HEADER_SEARCH_PATHS = "\"$(SRCROOT)/Pods/Alamofire\"";
				INFOPLIST_FILE = Weathers/Info.plist;
				IPHONEOS_DEPLOYMENT_TARGET = 9.0;
				LD_RUNPATH_SEARCH_PATHS = "$(inherited) @executable_path/Frameworks";
				PRODUCT_BUNDLE_IDENTIFIER = cn.yh.Weathers;
				PRODUCT_NAME = "$(TARGET_NAME)";
				SWIFT_OBJC_BRIDGING_HEADER = "/Users/srgroup/Documents/othetProject/Weathers/Weathers/Classes/Common/Other/Weathers-Bridging-Header.h";
				USER_HEADER_SEARCH_PATHS = "";
			};
			name = Release;
		};
/* End XCBuildConfiguration section */

/* Begin XCConfigurationList section */
		ABFB7F9B1C634AA900550FF2 /* Build configuration list for PBXProject "Weathers" */ = {
			isa = XCConfigurationList;
			buildConfigurations = (
				ABFB7FB01C634AA900550FF2 /* Debug */,
				ABFB7FB11C634AA900550FF2 /* Release */,
			);
			defaultConfigurationIsVisible = 0;
			defaultConfigurationName = Release;
		};
		ABFB7FB21C634AA900550FF2 /* Build configuration list for PBXNativeTarget "Weathers" */ = {
			isa = XCConfigurationList;
			buildConfigurations = (
				ABFB7FB31C634AA900550FF2 /* Debug */,
				ABFB7FB41C634AA900550FF2 /* Release */,
			);
			defaultConfigurationIsVisible = 0;
			defaultConfigurationName = Release;
		};
/* End XCConfigurationList section */
	};
	rootObject = ABFB7F981C634AA900550FF2 /* Project object */;
}
